
Microsoft Visual Studio Solution File, Format Version 12.00
# Visual Studio Version 17
VisualStudioVersion = 17.2.32630.192
MinimumVisualStudioVersion = 10.0.40219.1
Project("{FAE04EC0-301F-11D3-BF4B-00C04F79EFBC}") = "ExceptionLogging", "ExceptionLogging\ExceptionLogging.csproj", "{C707568F-8F7C-4B02-A1CD-E0B447D11050}"
EndProject
Project("{FAE04EC0-301F-11D3-BF4B-00C04F79EFBC}") = "Utility", "Utility\Utility.csproj", "{F55313F0-721F-46F5-927F-D694E993B842}"
EndProject
Global
	GlobalSection(SolutionConfigurationPlatforms) = preSolution
		Debug|Any CPU = Debug|Any CPU
		Release|Any CPU = Release|Any CPU
	EndGlobalSection
	GlobalSection(ProjectConfigurationPlatforms) = postSolution
		{C707568F-8F7C-4B02-A1CD-E0B447D11050}.Debug|Any CPU.ActiveCfg = Debug|Any CPU
		{C707568F-8F7C-4B02-A1CD-E0B447D11050}.Debug|Any CPU.Build.0 = Debug|Any CPU
		{C707568F-8F7C-4B02-A1CD-E0B447D11050}.Release|Any CPU.ActiveCfg = Release|Any CPU
		{C707568F-8F7C-4B02-A1CD-E0B447D11050}.Release|Any CPU.Build.0 = Release|Any CPU
		{F55313F0-721F-46F5-927F-D694E993B842}.Debug|Any CPU.ActiveCfg = Debug|Any CPU
		{F55313F0-721F-46F5-927F-D694E993B842}.Debug|Any CPU.Build.0 = Debug|Any CPU
		{F55313F0-721F-46F5-927F-D694E993B842}.Release|Any CPU.ActiveCfg = Release|Any CPU
		{F55313F0-721F-46F5-927F-D694E993B842}.Release|Any CPU.Build.0 = Release|Any CPU
	EndGlobalSection
	GlobalSection(SolutionProperties) = preSolution
		HideSolutionNode = FALSE
	EndGlobalSection
	GlobalSection(ExtensibilityGlobals) = postSolution
		SolutionGuid = {E5208794-E316-4B18-B2AD-8761830918EC}
	EndGlobalSection
EndGlobal
